
Microsoft Visual Studio Solution File, Format Version 12.00
# Visual Studio 2012
Project("{FAE04EC0-301F-11D3-BF4B-00C04F79EFBC}") = "FindAndFollow", "FindAndFollow.csproj", "{63AD7780-5233-4A4D-92AA-9C20027AD49A}"
EndProject
Global
	GlobalSection(SolutionConfigurationPlatforms) = preSolution
		Debug|Any CPU = Debug|Any CPU
		Release|Any CPU = Release|Any CPU
	EndGlobalSection
	GlobalSection(ProjectConfigurationPlatforms) = postSolution
		{63AD7780-5233-4A4D-92AA-9C20027AD49A}.Debug|Any CPU.ActiveCfg = Debug|Any CPU
		{63AD7780-5233-4A4D-92AA-9C20027AD49A}.Debug|Any CPU.Build.0 = Debug|Any CPU
		{63AD7780-5233-4A4D-92AA-9C20027AD49A}.Release|Any CPU.ActiveCfg = Release|Any CPU
		{63AD7780-5233-4A4D-92AA-9C20027AD49A}.Release|Any CPU.Build.0 = Release|Any CPU
	EndGlobalSection
	GlobalSection(SolutionProperties) = preSolution
		HideSolutionNode = FALSE
	EndGlobalSection
EndGlobal
